
Microsoft Visual Studio Solution File, Format Version 12.00
# Visual Studio Version 16
VisualStudioVersion = 16.0.30523.141
MinimumVisualStudioVersion = 10.0.40219.1
Project("{FAE04EC0-301F-11D3-BF4B-00C04F79EFBC}") = "HomeLifeSystem", "HomeLifeSystem\HomeLifeSystem.csproj", "{E2CF6AD3-8C35-493D-BF87-D33BBD5C9F05}"
EndProject
Project("{54435603-DBB4-11D2-8724-00A0C9A8B90C}") = "Setup", "Setup\Setup.vdproj", "{BA1BC283-7E25-4CAD-BC50-CC975F505009}"
EndProject
Global
	GlobalSection(SolutionConfigurationPlatforms) = preSolution
		Debug|Any CPU = Debug|Any CPU
		Release|Any CPU = Release|Any CPU
	EndGlobalSection
	GlobalSection(ProjectConfigurationPlatforms) = postSolution
		{E2CF6AD3-8C35-493D-BF87-D33BBD5C9F05}.Debug|Any CPU.ActiveCfg = Debug|Any CPU
		{E2CF6AD3-8C35-493D-BF87-D33BBD5C9F05}.Debug|Any CPU.Build.0 = Debug|Any CPU
		{E2CF6AD3-8C35-493D-BF87-D33BBD5C9F05}.Release|Any CPU.ActiveCfg = Release|Any CPU
		{E2CF6AD3-8C35-493D-BF87-D33BBD5C9F05}.Release|Any CPU.Build.0 = Release|Any CPU
		{BA1BC283-7E25-4CAD-BC50-CC975F505009}.Debug|Any CPU.ActiveCfg = Debug
		{BA1BC283-7E25-4CAD-BC50-CC975F505009}.Release|Any CPU.ActiveCfg = Release
	EndGlobalSection
	GlobalSection(SolutionProperties) = preSolution
		HideSolutionNode = FALSE
	EndGlobalSection
	GlobalSection(ExtensibilityGlobals) = postSolution
		SolutionGuid = {7E52DD26-929E-4C13-B9FE-A60733915F38}
	EndGlobalSection
EndGlobal
